// !$*UTF8*$!
{
	archiveVersion = 1;
	classes = {
	};
	objectVersion = 55;
	objects = {

/* Begin PBXBuildFile section */
		AC867B1E28B7BAFA002163A8 /* watchOs_Timer WatchKit App.app in Embed Watch Content */ = {isa = PBXBuildFile; fileRef = AC867B1D28B7BAFA002163A8 /* watchOs_Timer WatchKit App.app */; settings = {ATTRIBUTES = (RemoveHeadersOnCopy, ); }; };
		AC867B2328B7BAFA002163A8 /* Assets.xcassets in Resources */ = {isa = PBXBuildFile; fileRef = AC867B2228B7BAFA002163A8 /* Assets.xcassets */; };
		AC867B2928B7BAFB002163A8 /* watchOs_Timer WatchKit Extension.appex in Embed App Extensions */ = {isa = PBXBuildFile; fileRef = AC867B2828B7BAFB002163A8 /* watchOs_Timer WatchKit Extension.appex */; settings = {ATTRIBUTES = (RemoveHeadersOnCopy, ); }; };
		AC867B2E28B7BAFB002163A8 /* watchOs_TimerApp.swift in Sources */ = {isa = PBXBuildFile; fileRef = AC867B2D28B7BAFB002163A8 /* watchOs_TimerApp.swift */; };
		AC867B3028B7BAFB002163A8 /* ContentView.swift in Sources */ = {isa = PBXBuildFile; fileRef = AC867B2F28B7BAFB002163A8 /* ContentView.swift */; };
		AC867B3228B7BAFB002163A8 /* NotificationController.swift in Sources */ = {isa = PBXBuildFile; fileRef = AC867B3128B7BAFB002163A8 /* NotificationController.swift */; };
		AC867B3428B7BAFB002163A8 /* NotificationView.swift in Sources */ = {isa = PBXBuildFile; fileRef = AC867B3328B7BAFB002163A8 /* NotificationView.swift */; };
		AC867B3628B7BAFB002163A8 /* ComplicationController.swift in Sources */ = {isa = PBXBuildFile; fileRef = AC867B3528B7BAFB002163A8 /* ComplicationController.swift */; };
		AC867B3828B7BAFB002163A8 /* Assets.xcassets in Resources */ = {isa = PBXBuildFile; fileRef = AC867B3728B7BAFB002163A8 /* Assets.xcassets */; };
		AC867B3B28B7BAFB002163A8 /* Preview Assets.xcassets in Resources */ = {isa = PBXBuildFile; fileRef = AC867B3A28B7BAFB002163A8 /* Preview Assets.xcassets */; };
		AC867B4728B7BAFB002163A8 /* watchOs_TimerTests.swift in Sources */ = {isa = PBXBuildFile; fileRef = AC867B4628B7BAFB002163A8 /* watchOs_TimerTests.swift */; };
		AC867B5128B7BAFB002163A8 /* watchOs_TimerUITests.swift in Sources */ = {isa = PBXBuildFile; fileRef = AC867B5028B7BAFB002163A8 /* watchOs_TimerUITests.swift */; };
		AC867B5328B7BAFB002163A8 /* watchOs_TimerUITestsLaunchTests.swift in Sources */ = {isa = PBXBuildFile; fileRef = AC867B5228B7BAFB002163A8 /* watchOs_TimerUITestsLaunchTests.swift */; };
/* End PBXBuildFile section */

/* Begin PBXContainerItemProxy section */
		AC867B1F28B7BAFA002163A8 /* PBXContainerItemProxy */ = {
			isa = PBXContainerItemProxy;
			containerPortal = AC867B1328B7BAFA002163A8 /* Project object */;
			proxyType = 1;
			remoteGlobalIDString = AC867B1C28B7BAFA002163A8;
			remoteInfo = "watchOs_Timer WatchKit App";
		};
		AC867B2A28B7BAFB002163A8 /* PBXContainerItemProxy */ = {
			isa = PBXContainerItemProxy;
			containerPortal = AC867B1328B7BAFA002163A8 /* Project object */;
			proxyType = 1;
			remoteGlobalIDString = AC867B2728B7BAFB002163A8;
			remoteInfo = "watchOs_Timer WatchKit Extension";
		};
		AC867B4328B7BAFB002163A8 /* PBXContainerItemProxy */ = {
			isa = PBXContainerItemProxy;
			containerPortal = AC867B1328B7BAFA002163A8 /* Project object */;
			proxyType = 1;
			remoteGlobalIDString = AC867B2728B7BAFB002163A8;
			remoteInfo = "watchOs_Timer WatchKit Extension";
		};
		AC867B4D28B7BAFB002163A8 /* PBXContainerItemProxy */ = {
			isa = PBXContainerItemProxy;
			containerPortal = AC867B1328B7BAFA002163A8 /* Project object */;
			proxyType = 1;
			remoteGlobalIDString = AC867B1C28B7BAFA002163A8;
			remoteInfo = "watchOs_Timer WatchKit App";
		};
/* End PBXContainerItemProxy section */

/* Begin PBXCopyFilesBuildPhase section */
		AC867B5928B7BAFB002163A8 /* Embed App Extensions */ = {
			isa = PBXCopyFilesBuildPhase;
			buildActionMask = 2147483647;
			dstPath = "";
			dstSubfolderSpec = 13;
			files = (
				AC867B2928B7BAFB002163A8 /* watchOs_Timer WatchKit Extension.appex in Embed App Extensions */,
			);
			name = "Embed App Extensions";
			runOnlyForDeploymentPostprocessing = 0;
		};
		AC867B5D28B7BAFB002163A8 /* Embed Watch Content */ = {
			isa = PBXCopyFilesBuildPhase;
			buildActionMask = 2147483647;
			dstPath = "$(CONTENTS_FOLDER_PATH)/Watch";
			dstSubfolderSpec = 16;
			files = (
				AC867B1E28B7BAFA002163A8 /* watchOs_Timer WatchKit App.app in Embed Watch Content */,
			);
			name = "Embed Watch Content";
			runOnlyForDeploymentPostprocessing = 0;
		};
/* End PBXCopyFilesBuildPhase section */

/* Begin PBXFileReference section */
		AC867B1928B7BAFA002163A8 /* watchOs_Timer.app */ = {isa = PBXFileReference; explicitFileType = wrapper.application; includeInIndex = 0; path = watchOs_Timer.app; sourceTree = BUILT_PRODUCTS_DIR; };
		AC867B1D28B7BAFA002163A8 /* watchOs_Timer WatchKit App.app */ = {isa = PBXFileReference; explicitFileType = wrapper.application; includeInIndex = 0; path = "watchOs_Timer WatchKit App.app"; sourceTree = BUILT_PRODUCTS_DIR; };
		AC867B2228B7BAFA002163A8 /* Assets.xcassets */ = {isa = PBXFileReference; lastKnownFileType = folder.assetcatalog; path = Assets.xcassets; sourceTree = "<group>"; };
		AC867B2828B7BAFB002163A8 /* watchOs_Timer WatchKit Extension.appex */ = {isa = PBXFileReference; explicitFileType = "wrapper.app-extension"; includeInIndex = 0; path = "watchOs_Timer WatchKit Extension.appex"; sourceTree = BUILT_PRODUCTS_DIR; };
		AC867B2D28B7BAFB002163A8 /* watchOs_TimerApp.swift */ = {isa = PBXFileReference; lastKnownFileType = sourcecode.swift; path = watchOs_TimerApp.swift; sourceTree = "<group>"; };
		AC867B2F28B7BAFB002163A8 /* ContentView.swift */ = {isa = PBXFileReference; lastKnownFileType = sourcecode.swift; path = ContentView.swift; sourceTree = "<group>"; };
		AC867B3128B7BAFB002163A8 /* NotificationController.swift */ = {isa = PBXFileReference; lastKnownFileType = sourcecode.swift; path = NotificationController.swift; sourceTree = "<group>"; };
		AC867B3328B7BAFB002163A8 /* NotificationView.swift */ = {isa = PBXFileReference; lastKnownFileType = sourcecode.swift; path = NotificationView.swift; sourceTree = "<group>"; };
		AC867B3528B7BAFB002163A8 /* ComplicationController.swift */ = {isa = PBXFileReference; lastKnownFileType = sourcecode.swift; path = ComplicationController.swift; sourceTree = "<group>"; };
		AC867B3728B7BAFB002163A8 /* Assets.xcassets */ = {isa = PBXFileReference; lastKnownFileType = folder.assetcatalog; path = Assets.xcassets; sourceTree = "<group>"; };
		AC867B3A28B7BAFB002163A8 /* Preview Assets.xcassets */ = {isa = PBXFileReference; lastKnownFileType = folder.assetcatalog; path = "Preview Assets.xcassets"; sourceTree = "<group>"; };
		AC867B3C28B7BAFB002163A8 /* Info.plist */ = {isa = PBXFileReference; lastKnownFileType = text.plist.xml; path = Info.plist; sourceTree = "<group>"; };
		AC867B3D28B7BAFB002163A8 /* PushNotificationPayload.apns */ = {isa = PBXFileReference; lastKnownFileType = text; path = PushNotificationPayload.apns; sourceTree = "<group>"; };
		AC867B4228B7BAFB002163A8 /* watchOs_TimerTests.xctest */ = {isa = PBXFileReference; explicitFileType = wrapper.cfbundle; includeInIndex = 0; path = watchOs_TimerTests.xctest; sourceTree = BUILT_PRODUCTS_DIR; };
		AC867B4628B7BAFB002163A8 /* watchOs_TimerTests.swift */ = {isa = PBXFileReference; lastKnownFileType = sourcecode.swift; path = watchOs_TimerTests.swift; sourceTree = "<group>"; };
		AC867B4C28B7BAFB002163A8 /* watchOs_TimerUITests.xctest */ = {isa = PBXFileReference; explicitFileType = wrapper.cfbundle; includeInIndex = 0; path = watchOs_TimerUITests.xctest; sourceTree = BUILT_PRODUCTS_DIR; };
		AC867B5028B7BAFB002163A8 /* watchOs_TimerUITests.swift */ = {isa = PBXFileReference; lastKnownFileType = sourcecode.swift; path = watchOs_TimerUITests.swift; sourceTree = "<group>"; };
		AC867B5228B7BAFB002163A8 /* watchOs_TimerUITestsLaunchTests.swift */ = {isa = PBXFileReference; lastKnownFileType = sourcecode.swift; path = watchOs_TimerUITestsLaunchTests.swift; sourceTree = "<group>"; };
		AC867B6728B7C5D4002163A8 /* README.md */ = {isa = PBXFileReference; lastKnownFileType = net.daringfireball.markdown; path = README.md; sourceTree = "<group>"; };
/* End PBXFileReference section */

/* Begin PBXFrameworksBuildPhase section */
		AC867B2528B7BAFB002163A8 /* Frameworks */ = {
			isa = PBXFrameworksBuildPhase;
			buildActionMask = 2147483647;
			files = (
			);
			runOnlyForDeploymentPostprocessing = 0;
		};
		AC867B3F28B7BAFB002163A8 /* Frameworks */ = {
			isa = PBXFrameworksBuildPhase;
			buildActionMask = 2147483647;
			files = (
			);
			runOnlyForDeploymentPostprocessing = 0;
		};
		AC867B4928B7BAFB002163A8 /* Frameworks */ = {
			isa = PBXFrameworksBuildPhase;
			buildActionMask = 2147483647;
			files = (
			);
			runOnlyForDeploymentPostprocessing = 0;
		};
/* End PBXFrameworksBuildPhase section */

/* Begin PBXGroup section */
		AC867B1228B7BAFA002163A8 = {
			isa = PBXGroup;
			children = (
				AC867B6728B7C5D4002163A8 /* README.md */,
				AC867B2128B7BAFA002163A8 /* watchOs_Timer WatchKit App */,
				AC867B2C28B7BAFB002163A8 /* watchOs_Timer WatchKit Extension */,
				AC867B4528B7BAFB002163A8 /* watchOs_TimerTests */,
				AC867B4F28B7BAFB002163A8 /* watchOs_TimerUITests */,
				AC867B1A28B7BAFA002163A8 /* Products */,
			);
			sourceTree = "<group>";
		};
		AC867B1A28B7BAFA002163A8 /* Products */ = {
			isa = PBXGroup;
			children = (
				AC867B1928B7BAFA002163A8 /* watchOs_Timer.app */,
				AC867B1D28B7BAFA002163A8 /* watchOs_Timer WatchKit App.app */,
				AC867B2828B7BAFB002163A8 /* watchOs_Timer WatchKit Extension.appex */,
				AC867B4228B7BAFB002163A8 /* watchOs_TimerTests.xctest */,
				AC867B4C28B7BAFB002163A8 /* watchOs_TimerUITests.xctest */,
			);
			name = Products;
			sourceTree = "<group>";
		};
		AC867B2128B7BAFA002163A8 /* watchOs_Timer WatchKit App */ = {
			isa = PBXGroup;
			children = (
				AC867B2228B7BAFA002163A8 /* Assets.xcassets */,
			);
			path = "watchOs_Timer WatchKit App";
			sourceTree = "<group>";
		};
		AC867B2C28B7BAFB002163A8 /* watchOs_Timer WatchKit Extension */ = {
			isa = PBXGroup;
			children = (
				AC867B2D28B7BAFB002163A8 /* watchOs_TimerApp.swift */,
				AC867B2F28B7BAFB002163A8 /* ContentView.swift */,
				AC867B3128B7BAFB002163A8 /* NotificationController.swift */,
				AC867B3328B7BAFB002163A8 /* NotificationView.swift */,
				AC867B3528B7BAFB002163A8 /* ComplicationController.swift */,
				AC867B3728B7BAFB002163A8 /* Assets.xcassets */,
				AC867B3C28B7BAFB002163A8 /* Info.plist */,
				AC867B3D28B7BAFB002163A8 /* PushNotificationPayload.apns */,
				AC867B3928B7BAFB002163A8 /* Preview Content */,
			);
			path = "watchOs_Timer WatchKit Extension";
			sourceTree = "<group>";
		};
		AC867B3928B7BAFB002163A8 /* Preview Content */ = {
			isa = PBXGroup;
			children = (
				AC867B3A28B7BAFB002163A8 /* Preview Assets.xcassets */,
			);
			path = "Preview Content";
			sourceTree = "<group>";
		};
		AC867B4528B7BAFB002163A8 /* watchOs_TimerTests */ = {
			isa = PBXGroup;
			children = (
				AC867B4628B7BAFB002163A8 /* watchOs_TimerTests.swift */,
			);
			path = watchOs_TimerTests;
			sourceTree = "<group>";
		};
		AC867B4F28B7BAFB002163A8 /* watchOs_TimerUITests */ = {
			isa = PBXGroup;
			children = (
				AC867B5028B7BAFB002163A8 /* watchOs_TimerUITests.swift */,
				AC867B5228B7BAFB002163A8 /* watchOs_TimerUITestsLaunchTests.swift */,
			);
			path = watchOs_TimerUITests;
			sourceTree = "<group>";
		};
/* End PBXGroup section */

/* Begin PBXNativeTarget section */
		AC867B1828B7BAFA002163A8 /* watchOs_Timer */ = {
			isa = PBXNativeTarget;
			buildConfigurationList = AC867B5E28B7BAFB002163A8 /* Build configuration list for PBXNativeTarget "watchOs_Timer" */;
			buildPhases = (
				AC867B1728B7BAFA002163A8 /* Resources */,
				AC867B5D28B7BAFB002163A8 /* Embed Watch Content */,
			);
			buildRules = (
			);
			dependencies = (
				AC867B2028B7BAFA002163A8 /* PBXTargetDependency */,
			);
			name = watchOs_Timer;
			productName = watchOs_Timer;
			productReference = AC867B1928B7BAFA002163A8 /* watchOs_Timer.app */;
			productType = "com.apple.product-type.application.watchapp2-container";
		};
		AC867B1C28B7BAFA002163A8 /* watchOs_Timer WatchKit App */ = {
			isa = PBXNativeTarget;
			buildConfigurationList = AC867B5A28B7BAFB002163A8 /* Build configuration list for PBXNativeTarget "watchOs_Timer WatchKit App" */;
			buildPhases = (
				AC867B1B28B7BAFA002163A8 /* Resources */,
				AC867B5928B7BAFB002163A8 /* Embed App Extensions */,
			);
			buildRules = (
			);
			dependencies = (
				AC867B2B28B7BAFB002163A8 /* PBXTargetDependency */,
			);
			name = "watchOs_Timer WatchKit App";
			productName = "watchOs_Timer WatchKit App";
			productReference = AC867B1D28B7BAFA002163A8 /* watchOs_Timer WatchKit App.app */;
			productType = "com.apple.product-type.application.watchapp2";
		};
		AC867B2728B7BAFB002163A8 /* watchOs_Timer WatchKit Extension */ = {
			isa = PBXNativeTarget;
			buildConfigurationList = AC867B5628B7BAFB002163A8 /* Build configuration list for PBXNativeTarget "watchOs_Timer WatchKit Extension" */;
			buildPhases = (
				AC867B2428B7BAFB002163A8 /* Sources */,
				AC867B2528B7BAFB002163A8 /* Frameworks */,
				AC867B2628B7BAFB002163A8 /* Resources */,
			);
			buildRules = (
			);
			dependencies = (
			);
			name = "watchOs_Timer WatchKit Extension";
			productName = "watchOs_Timer WatchKit Extension";
			productReference = AC867B2828B7BAFB002163A8 /* watchOs_Timer WatchKit Extension.appex */;
			productType = "com.apple.product-type.watchkit2-extension";
		};
		AC867B4128B7BAFB002163A8 /* watchOs_TimerTests */ = {
			isa = PBXNativeTarget;
			buildConfigurationList = AC867B6128B7BAFB002163A8 /* Build configuration list for PBXNativeTarget "watchOs_TimerTests" */;
			buildPhases = (
				AC867B3E28B7BAFB002163A8 /* Sources */,
				AC867B3F28B7BAFB002163A8 /* Frameworks */,
				AC867B4028B7BAFB002163A8 /* Resources */,
			);
			buildRules = (
			);
			dependencies = (
				AC867B4428B7BAFB002163A8 /* PBXTargetDependency */,
			);
			name = watchOs_TimerTests;
			productName = watchOs_TimerTests;
			productReference = AC867B4228B7BAFB002163A8 /* watchOs_TimerTests.xctest */;
			productType = "com.apple.product-type.bundle.unit-test";
		};
		AC867B4B28B7BAFB002163A8 /* watchOs_TimerUITests */ = {
			isa = PBXNativeTarget;
			buildConfigurationList = AC867B6428B7BAFB002163A8 /* Build configuration list for PBXNativeTarget "watchOs_TimerUITests" */;
			buildPhases = (
				AC867B4828B7BAFB002163A8 /* Sources */,
				AC867B4928B7BAFB002163A8 /* Frameworks */,
				AC867B4A28B7BAFB002163A8 /* Resources */,
			);
			buildRules = (
			);
			dependencies = (
				AC867B4E28B7BAFB002163A8 /* PBXTargetDependency */,
			);
			name = watchOs_TimerUITests;
			productName = watchOs_TimerUITests;
			productReference = AC867B4C28B7BAFB002163A8 /* watchOs_TimerUITests.xctest */;
			productType = "com.apple.product-type.bundle.ui-testing";
		};
/* End PBXNativeTarget section */

/* Begin PBXProject section */
		AC867B1328B7BAFA002163A8 /* Project object */ = {
			isa = PBXProject;
			attributes = {
				BuildIndependentTargetsInParallel = 1;
				LastSwiftUpdateCheck = 1340;
				LastUpgradeCheck = 1340;
				TargetAttributes = {
					AC867B1828B7BAFA002163A8 = {
						CreatedOnToolsVersion = 13.4.1;
					};
					AC867B1C28B7BAFA002163A8 = {
						CreatedOnToolsVersion = 13.4.1;
					};
					AC867B2728B7BAFB002163A8 = {
						CreatedOnToolsVersion = 13.4.1;
					};
					AC867B4128B7BAFB002163A8 = {
						CreatedOnToolsVersion = 13.4.1;
						TestTargetID = AC867B2728B7BAFB002163A8;
					};
					AC867B4B28B7BAFB002163A8 = {
						CreatedOnToolsVersion = 13.4.1;
						TestTargetID = AC867B1C28B7BAFA002163A8;
					};
				};
			};
			buildConfigurationList = AC867B1628B7BAFA002163A8 /* Build configuration list for PBXProject "watchOs_Timer" */;
			compatibilityVersion = "Xcode 13.0";
			developmentRegion = en;
			hasScannedForEncodings = 0;
			knownRegions = (
				en,
				Base,
			);
			mainGroup = AC867B1228B7BAFA002163A8;
			productRefGroup = AC867B1A28B7BAFA002163A8 /* Products */;
			projectDirPath = "";
			projectRoot = "";
			targets = (
				AC867B1828B7BAFA002163A8 /* watchOs_Timer */,
				AC867B1C28B7BAFA002163A8 /* watchOs_Timer WatchKit App */,
				AC867B2728B7BAFB002163A8 /* watchOs_Timer WatchKit Extension */,
				AC867B4128B7BAFB002163A8 /* watchOs_TimerTests */,
				AC867B4B28B7BAFB002163A8 /* watchOs_TimerUITests */,
			);
		};
/* End PBXProject section */

/* Begin PBXResourcesBuildPhase section */
		AC867B1728B7BAFA002163A8 /* Resources */ = {
			isa = PBXResourcesBuildPhase;
			buildActionMask = 2147483647;
			files = (
			);
			runOnlyForDeploymentPostprocessing = 0;
		};
		AC867B1B28B7BAFA002163A8 /* Resources */ = {
			isa = PBXResourcesBuildPhase;
			buildActionMask = 2147483647;
			files = (
				AC867B2328B7BAFA002163A8 /* Assets.xcassets in Resources */,
			);
			runOnlyForDeploymentPostprocessing = 0;
		};
		AC867B2628B7BAFB002163A8 /* Resources */ = {
			isa = PBXResourcesBuildPhase;
			buildActionMask = 2147483647;
			files = (
				AC867B3B28B7BAFB002163A8 /* Preview Assets.xcassets in Resources */,
				AC867B3828B7BAFB002163A8 /* Assets.xcassets in Resources */,
			);
			runOnlyForDeploymentPostprocessing = 0;
		};
		AC867B4028B7BAFB002163A8 /* Resources */ = {
			isa = PBXResourcesBuildPhase;
			buildActionMask = 2147483647;
			files = (
			);
			runOnlyForDeploymentPostprocessing = 0;
		};
		AC867B4A28B7BAFB002163A8 /* Resources */ = {
			isa = PBXResourcesBuildPhase;
			buildActionMask = 2147483647;
			files = (
			);
			runOnlyForDeploymentPostprocessing = 0;
		};
/* End PBXResourcesBuildPhase section */

/* Begin PBXSourcesBuildPhase section */
		AC867B2428B7BAFB002163A8 /* Sources */ = {
			isa = PBXSourcesBuildPhase;
			buildActionMask = 2147483647;
			files = (
				AC867B3228B7BAFB002163A8 /* NotificationController.swift in Sources */,
				AC867B3028B7BAFB002163A8 /* ContentView.swift in Sources */,
				AC867B3628B7BAFB002163A8 /* ComplicationController.swift in Sources */,
				AC867B2E28B7BAFB002163A8 /* watchOs_TimerApp.swift in Sources */,
				AC867B3428B7BAFB002163A8 /* NotificationView.swift in Sources */,
			);
			runOnlyForDeploymentPostprocessing = 0;
		};
		AC867B3E28B7BAFB002163A8 /* Sources */ = {
			isa = PBXSourcesBuildPhase;
			buildActionMask = 2147483647;
			files = (
				AC867B4728B7BAFB002163A8 /* watchOs_TimerTests.swift in Sources */,
			);
			runOnlyForDeploymentPostprocessing = 0;
		};
		AC867B4828B7BAFB002163A8 /* Sources */ = {
			isa = PBXSourcesBuildPhase;
			buildActionMask = 2147483647;
			files = (
				AC867B5328B7BAFB002163A8 /* watchOs_TimerUITestsLaunchTests.swift in Sources */,
				AC867B5128B7BAFB002163A8 /* watchOs_TimerUITests.swift in Sources */,
			);
			runOnlyForDeploymentPostprocessing = 0;
		};
/* End PBXSourcesBuildPhase section */

/* Begin PBXTargetDependency section */
		AC867B2028B7BAFA002163A8 /* PBXTargetDependency */ = {
			isa = PBXTargetDependency;
			target = AC867B1C28B7BAFA002163A8 /* watchOs_Timer WatchKit App */;
			targetProxy = AC867B1F28B7BAFA002163A8 /* PBXContainerItemProxy */;
		};
		AC867B2B28B7BAFB002163A8 /* PBXTargetDependency */ = {
			isa = PBXTargetDependency;
			target = AC867B2728B7BAFB002163A8 /* watchOs_Timer WatchKit Extension */;
			targetProxy = AC867B2A28B7BAFB002163A8 /* PBXContainerItemProxy */;
		};
		AC867B4428B7BAFB002163A8 /* PBXTargetDependency */ = {
			isa = PBXTargetDependency;
			target = AC867B2728B7BAFB002163A8 /* watchOs_Timer WatchKit Extension */;
			targetProxy = AC867B4328B7BAFB002163A8 /* PBXContainerItemProxy */;
		};
		AC867B4E28B7BAFB002163A8 /* PBXTargetDependency */ = {
			isa = PBXTargetDependency;
			target = AC867B1C28B7BAFA002163A8 /* watchOs_Timer WatchKit App */;
			targetProxy = AC867B4D28B7BAFB002163A8 /* PBXContainerItemProxy */;
		};
/* End PBXTargetDependency section */

/* Begin XCBuildConfiguration section */
		AC867B5428B7BAFB002163A8 /* Debug */ = {
			isa = XCBuildConfiguration;
			buildSettings = {
				ALWAYS_SEARCH_USER_PATHS = NO;
				CLANG_ANALYZER_NONNULL = YES;
				CLANG_ANALYZER_NUMBER_OBJECT_CONVERSION = YES_AGGRESSIVE;
				CLANG_CXX_LANGUAGE_STANDARD = "gnu++17";
				CLANG_ENABLE_MODULES = YES;
				CLANG_ENABLE_OBJC_ARC = YES;
				CLANG_ENABLE_OBJC_WEAK = YES;
				CLANG_WARN_BLOCK_CAPTURE_AUTORELEASING = YES;
				CLANG_WARN_BOOL_CONVERSION = YES;
				CLANG_WARN_COMMA = YES;
				CLANG_WARN_CONSTANT_CONVERSION = YES;
				CLANG_WARN_DEPRECATED_OBJC_IMPLEMENTATIONS = YES;
				CLANG_WARN_DIRECT_OBJC_ISA_USAGE = YES_ERROR;
				CLANG_WARN_DOCUMENTATION_COMMENTS = YES;
				CLANG_WARN_EMPTY_BODY = YES;
				CLANG_WARN_ENUM_CONVERSION = YES;
				CLANG_WARN_INFINITE_RECURSION = YES;
				CLANG_WARN_INT_CONVERSION = YES;
				CLANG_WARN_NON_LITERAL_NULL_CONVERSION = YES;
				CLANG_WARN_OBJC_IMPLICIT_RETAIN_SELF = YES;
				CLANG_WARN_OBJC_LITERAL_CONVERSION = YES;
				CLANG_WARN_OBJC_ROOT_CLASS = YES_ERROR;
				CLANG_WARN_QUOTED_INCLUDE_IN_FRAMEWORK_HEADER = YES;
				CLANG_WARN_RANGE_LOOP_ANALYSIS = YES;
				CLANG_WARN_STRICT_PROTOTYPES = YES;
				CLANG_WARN_SUSPICIOUS_MOVE = YES;
				CLANG_WARN_UNGUARDED_AVAILABILITY = YES_AGGRESSIVE;
				CLANG_WARN_UNREACHABLE_CODE = YES;
				CLANG_WARN__DUPLICATE_METHOD_MATCH = YES;
				COPY_PHASE_STRIP = NO;
				DEBUG_INFORMATION_FORMAT = dwarf;
				ENABLE_STRICT_OBJC_MSGSEND = YES;
				ENABLE_TESTABILITY = YES;
				GCC_C_LANGUAGE_STANDARD = gnu11;
				GCC_DYNAMIC_NO_PIC = NO;
				GCC_NO_COMMON_BLOCKS = YES;
				GCC_OPTIMIZATION_LEVEL = 0;
				GCC_PREPROCESSOR_DEFINITIONS = (
					"DEBUG=1",
					"$(inherited)",
				);
				GCC_WARN_64_TO_32_BIT_CONVERSION = YES;
				GCC_WARN_ABOUT_RETURN_TYPE = YES_ERROR;
				GCC_WARN_UNDECLARED_SELECTOR = YES;
				GCC_WARN_UNINITIALIZED_AUTOS = YES_AGGRESSIVE;
				GCC_WARN_UNUSED_FUNCTION = YES;
				GCC_WARN_UNUSED_VARIABLE = YES;
				MTL_ENABLE_DEBUG_INFO = INCLUDE_SOURCE;
				MTL_FAST_MATH = YES;
				ONLY_ACTIVE_ARCH = YES;
				SDKROOT = iphoneos;
				SWIFT_ACTIVE_COMPILATION_CONDITIONS = DEBUG;
				SWIFT_OPTIMIZATION_LEVEL = "-Onone";
			};
			name = Debug;
		};
		AC867B5528B7BAFB002163A8 /* Release */ = {
			isa = XCBuildConfiguration;
			buildSettings = {
				ALWAYS_SEARCH_USER_PATHS = NO;
				CLANG_ANALYZER_NONNULL = YES;
				CLANG_ANALYZER_NUMBER_OBJECT_CONVERSION = YES_AGGRESSIVE;
				CLANG_CXX_LANGUAGE_STANDARD = "gnu++17";
				CLANG_ENABLE_MODULES = YES;
				CLANG_ENABLE_OBJC_ARC = YES;
				CLANG_ENABLE_OBJC_WEAK = YES;
				CLANG_WARN_BLOCK_CAPTURE_AUTORELEASING = YES;
				CLANG_WARN_BOOL_CONVERSION = YES;
				CLANG_WARN_COMMA = YES;
				CLANG_WARN_CONSTANT_CONVERSION = YES;
				CLANG_WARN_DEPRECATED_OBJC_IMPLEMENTATIONS = YES;
				CLANG_WARN_DIRECT_OBJC_ISA_USAGE = YES_ERROR;
				CLANG_WARN_DOCUMENTATION_COMMENTS = YES;
				CLANG_WARN_EMPTY_BODY = YES;
				CLANG_WARN_ENUM_CONVERSION = YES;
				CLANG_WARN_INFINITE_RECURSION = YES;
				CLANG_WARN_INT_CONVERSION = YES;
				CLANG_WARN_NON_LITERAL_NULL_CONVERSION = YES;
				CLANG_WARN_OBJC_IMPLICIT_RETAIN_SELF = YES;
				CLANG_WARN_OBJC_LITERAL_CONVERSION = YES;
				CLANG_WARN_OBJC_ROOT_CLASS = YES_ERROR;
				CLANG_WARN_QUOTED_INCLUDE_IN_FRAMEWORK_HEADER = YES;
				CLANG_WARN_RANGE_LOOP_ANALYSIS = YES;
				CLANG_WARN_STRICT_PROTOTYPES = YES;
				CLANG_WARN_SUSPICIOUS_MOVE = YES;
				CLANG_WARN_UNGUARDED_AVAILABILITY = YES_AGGRESSIVE;
				CLANG_WARN_UNREACHABLE_CODE = YES;
				CLANG_WARN__DUPLICATE_METHOD_MATCH = YES;
				COPY_PHASE_STRIP = NO;
				DEBUG_INFORMATION_FORMAT = "dwarf-with-dsym";
				ENABLE_NS_ASSERTIONS = NO;
				ENABLE_STRICT_OBJC_MSGSEND = YES;
				GCC_C_LANGUAGE_STANDARD = gnu11;
				GCC_NO_COMMON_BLOCKS = YES;
				GCC_WARN_64_TO_32_BIT_CONVERSION = YES;
				GCC_WARN_ABOUT_RETURN_TYPE = YES_ERROR;
				GCC_WARN_UNDECLARED_SELECTOR = YES;
				GCC_WARN_UNINITIALIZED_AUTOS = YES_AGGRESSIVE;
				GCC_WARN_UNUSED_FUNCTION = YES;
				GCC_WARN_UNUSED_VARIABLE = YES;
				MTL_ENABLE_DEBUG_INFO = NO;
				MTL_FAST_MATH = YES;
				SDKROOT = iphoneos;
				SWIFT_COMPILATION_MODE = wholemodule;
				SWIFT_OPTIMIZATION_LEVEL = "-O";
				VALIDATE_PRODUCT = YES;
			};
			name = Release;
		};
		AC867B5728B7BAFB002163A8 /* Debug */ = {
			isa = XCBuildConfiguration;
			buildSettings = {
				ASSETCATALOG_COMPILER_COMPLICATION_NAME = Complication;
				CODE_SIGN_STYLE = Automatic;
				CURRENT_PROJECT_VERSION = 1;
				DEVELOPMENT_ASSET_PATHS = "\"watchOs_Timer WatchKit Extension/Preview Content\"";
				DEVELOPMENT_TEAM = RZ57584G9R;
				ENABLE_PREVIEWS = YES;
				GENERATE_INFOPLIST_FILE = YES;
				INFOPLIST_FILE = "watchOs_Timer WatchKit Extension/Info.plist";
				INFOPLIST_KEY_CFBundleDisplayName = "watchOs_Timer WatchKit Extension";
				INFOPLIST_KEY_CLKComplicationPrincipalClass = "$(PRODUCT_MODULE_NAME).ComplicationController";
				INFOPLIST_KEY_NSHumanReadableCopyright = "";
				INFOPLIST_KEY_WKWatchOnly = YES;
				LD_RUNPATH_SEARCH_PATHS = (
					"$(inherited)",
					"@executable_path/Frameworks",
					"@executable_path/../../Frameworks",
				);
				MARKETING_VERSION = 1.0;
				PRODUCT_BUNDLE_IDENTIFIER = "com.wdk.ios.watchOs-Timer.watchkitapp.watchkitextension";
				PRODUCT_NAME = "${TARGET_NAME}";
				SDKROOT = watchos;
				SKIP_INSTALL = YES;
				SWIFT_EMIT_LOC_STRINGS = YES;
				SWIFT_VERSION = 5.0;
				TARGETED_DEVICE_FAMILY = 4;
				WATCHOS_DEPLOYMENT_TARGET = 8.5;
			};
			name = Debug;
		};
		AC867B5828B7BAFB002163A8 /* Release */ = {
			isa = XCBuildConfiguration;
			buildSettings = {
				ASSETCATALOG_COMPILER_COMPLICATION_NAME = Complication;
				CODE_SIGN_STYLE = Automatic;
				CURRENT_PROJECT_VERSION = 1;
				DEVELOPMENT_ASSET_PATHS = "\"watchOs_Timer WatchKit Extension/Preview Content\"";
				DEVELOPMENT_TEAM = RZ57584G9R;
				ENABLE_PREVIEWS = YES;
				GENERATE_INFOPLIST_FILE = YES;
				INFOPLIST_FILE = "watchOs_Timer WatchKit Extension/Info.plist";
				INFOPLIST_KEY_CFBundleDisplayName = "watchOs_Timer WatchKit Extension";
				INFOPLIST_KEY_CLKComplicationPrincipalClass = "$(PRODUCT_MODULE_NAME).ComplicationController";
				INFOPLIST_KEY_NSHumanReadableCopyright = "";
				INFOPLIST_KEY_WKWatchOnly = YES;
				LD_RUNPATH_SEARCH_PATHS = (
					"$(inherited)",
					"@executable_path/Frameworks",
					"@executable_path/../../Frameworks",
				);
				MARKETING_VERSION = 1.0;
				PRODUCT_BUNDLE_IDENTIFIER = "com.wdk.ios.watchOs-Timer.watchkitapp.watchkitextension";
				PRODUCT_NAME = "${TARGET_NAME}";
				SDKROOT = watchos;
				SKIP_INSTALL = YES;
				SWIFT_EMIT_LOC_STRINGS = YES;
				SWIFT_VERSION = 5.0;
				TARGETED_DEVICE_FAMILY = 4;
				WATCHOS_DEPLOYMENT_TARGET = 8.5;
			};
			name = Release;
		};
		AC867B5B28B7BAFB002163A8 /* Debug */ = {
			isa = XCBuildConfiguration;
			buildSettings = {
				ALWAYS_EMBED_SWIFT_STANDARD_LIBRARIES = YES;
				ASSETCATALOG_COMPILER_APPICON_NAME = AppIcon;
				ASSETCATALOG_COMPILER_GLOBAL_ACCENT_COLOR_NAME = AccentColor;
				CODE_SIGN_STYLE = Automatic;
				CURRENT_PROJECT_VERSION = 1;
				DEVELOPMENT_TEAM = RZ57584G9R;
				GENERATE_INFOPLIST_FILE = YES;
				IBSC_MODULE = watchOs_Timer_WatchKit_Extension;
				INFOPLIST_KEY_CFBundleDisplayName = "watchOs_Timer WatchKit App";
				INFOPLIST_KEY_UISupportedInterfaceOrientations = "UIInterfaceOrientationPortrait UIInterfaceOrientationPortraitUpsideDown";
				MARKETING_VERSION = 1.0;
				PRODUCT_BUNDLE_IDENTIFIER = "com.wdk.ios.watchOs-Timer.watchkitapp";
				PRODUCT_NAME = "$(TARGET_NAME)";
				SDKROOT = watchos;
				SKIP_INSTALL = YES;
				SWIFT_EMIT_LOC_STRINGS = YES;
				SWIFT_VERSION = 5.0;
				TARGETED_DEVICE_FAMILY = 4;
				WATCHOS_DEPLOYMENT_TARGET = 8.5;
			};
			name = Debug;
		};
		AC867B5C28B7BAFB002163A8 /* Release */ = {
			isa = XCBuildConfiguration;
			buildSettings = {
				ALWAYS_EMBED_SWIFT_STANDARD_LIBRARIES = YES;
				ASSETCATALOG_COMPILER_APPICON_NAME = AppIcon;
				ASSETCATALOG_COMPILER_GLOBAL_ACCENT_COLOR_NAME = AccentColor;
				CODE_SIGN_STYLE = Automatic;
				CURRENT_PROJECT_VERSION = 1;
				DEVELOPMENT_TEAM = RZ57584G9R;
				GENERATE_INFOPLIST_FILE = YES;
				IBSC_MODULE = watchOs_Timer_WatchKit_Extension;
				INFOPLIST_KEY_CFBundleDisplayName = "watchOs_Timer WatchKit App";
				INFOPLIST_KEY_UISupportedInterfaceOrientations = "UIInterfaceOrientationPortrait UIInterfaceOrientationPortraitUpsideDown";
				MARKETING_VERSION = 1.0;
				PRODUCT_BUNDLE_IDENTIFIER = "com.wdk.ios.watchOs-Timer.watchkitapp";
				PRODUCT_NAME = "$(TARGET_NAME)";
				SDKROOT = watchos;
				SKIP_INSTALL = YES;
				SWIFT_EMIT_LOC_STRINGS = YES;
				SWIFT_VERSION = 5.0;
				TARGETED_DEVICE_FAMILY = 4;
				WATCHOS_DEPLOYMENT_TARGET = 8.5;
			};
			name = Release;
		};
		AC867B5F28B7BAFB002163A8 /* Debug */ = {
			isa = XCBuildConfiguration;
			buildSettings = {
				CODE_SIGN_STYLE = Automatic;
				CURRENT_PROJECT_VERSION = 1;
				DEVELOPMENT_TEAM = RZ57584G9R;
				MARKETING_VERSION = 1.0;
				PRODUCT_BUNDLE_IDENTIFIER = "com.wdk.ios.watchOs-Timer";
				PRODUCT_NAME = "$(TARGET_NAME)";
				SWIFT_VERSION = 5.0;
			};
			name = Debug;
		};
		AC867B6028B7BAFB002163A8 /* Release */ = {
			isa = XCBuildConfiguration;
			buildSettings = {
				CODE_SIGN_STYLE = Automatic;
				CURRENT_PROJECT_VERSION = 1;
				DEVELOPMENT_TEAM = RZ57584G9R;
				MARKETING_VERSION = 1.0;
				PRODUCT_BUNDLE_IDENTIFIER = "com.wdk.ios.watchOs-Timer";
				PRODUCT_NAME = "$(TARGET_NAME)";
				SWIFT_VERSION = 5.0;
			};
			name = Release;
		};
		AC867B6228B7BAFB002163A8 /* Debug */ = {
			isa = XCBuildConfiguration;
			buildSettings = {
				ALWAYS_EMBED_SWIFT_STANDARD_LIBRARIES = YES;
				BUNDLE_LOADER = "$(TEST_HOST)";
				CODE_SIGN_STYLE = Automatic;
				CURRENT_PROJECT_VERSION = 1;
				DEVELOPMENT_TEAM = RZ57584G9R;
				GENERATE_INFOPLIST_FILE = YES;
				MARKETING_VERSION = 1.0;
				PRODUCT_BUNDLE_IDENTIFIER = "com.wdk.ios.watchOs-TimerTests";
				PRODUCT_NAME = "$(TARGET_NAME)";
				SDKROOT = watchos;
				SWIFT_EMIT_LOC_STRINGS = NO;
				SWIFT_VERSION = 5.0;
				TARGETED_DEVICE_FAMILY = 4;
				TEST_HOST = "$(BUILT_PRODUCTS_DIR)/watchOs_Timer WatchKit Extension.appex/watchOs_Timer WatchKit Extension";
				WATCHOS_DEPLOYMENT_TARGET = 8.5;
			};
			name = Debug;
		};
		AC867B6328B7BAFB002163A8 /* Release */ = {
			isa = XCBuildConfiguration;
			buildSettings = {
				ALWAYS_EMBED_SWIFT_STANDARD_LIBRARIES = YES;
				BUNDLE_LOADER = "$(TEST_HOST)";
				CODE_SIGN_STYLE = Automatic;
				CURRENT_PROJECT_VERSION = 1;
				DEVELOPMENT_TEAM = RZ57584G9R;
				GENERATE_INFOPLIST_FILE = YES;
				MARKETING_VERSION = 1.0;
				PRODUCT_BUNDLE_IDENTIFIER = "com.wdk.ios.watchOs-TimerTests";
				PRODUCT_NAME = "$(TARGET_NAME)";
				SDKROOT = watchos;
				SWIFT_EMIT_LOC_STRINGS = NO;
				SWIFT_VERSION = 5.0;
				TARGETED_DEVICE_FAMILY = 4;
				TEST_HOST = "$(BUILT_PRODUCTS_DIR)/watchOs_Timer WatchKit Extension.appex/watchOs_Timer WatchKit Extension";
				WATCHOS_DEPLOYMENT_TARGET = 8.5;
			};
			name = Release;
		};
		AC867B6528B7BAFB002163A8 /* Debug */ = {
			isa = XCBuildConfiguration;
			buildSettings = {
				CODE_SIGN_STYLE = Automatic;
				CURRENT_PROJECT_VERSION = 1;
				DEVELOPMENT_TEAM = RZ57584G9R;
				GENERATE_INFOPLIST_FILE = YES;
				MARKETING_VERSION = 1.0;
				PRODUCT_BUNDLE_IDENTIFIER = "com.wdk.ios.watchOs-TimerUITests";
				PRODUCT_NAME = "$(TARGET_NAME)";
				SDKROOT = watchos;
				SWIFT_EMIT_LOC_STRINGS = NO;
				SWIFT_VERSION = 5.0;
				TARGETED_DEVICE_FAMILY = 4;
				TEST_TARGET_NAME = "watchOs_Timer WatchKit App";
				WATCHOS_DEPLOYMENT_TARGET = 8.5;
			};
			name = Debug;
		};
		AC867B6628B7BAFB002163A8 /* Release */ = {
			isa = XCBuildConfiguration;
			buildSettings = {
				CODE_SIGN_STYLE = Automatic;
				CURRENT_PROJECT_VERSION = 1;
				DEVELOPMENT_TEAM = RZ57584G9R;
				GENERATE_INFOPLIST_FILE = YES;
				MARKETING_VERSION = 1.0;
				PRODUCT_BUNDLE_IDENTIFIER = "com.wdk.ios.watchOs-TimerUITests";
				PRODUCT_NAME = "$(TARGET_NAME)";
				SDKROOT = watchos;
				SWIFT_EMIT_LOC_STRINGS = NO;
				SWIFT_VERSION = 5.0;
				TARGETED_DEVICE_FAMILY = 4;
				TEST_TARGET_NAME = "watchOs_Timer WatchKit App";
				WATCHOS_DEPLOYMENT_TARGET = 8.5;
			};
			name = Release;
		};
/* End XCBuildConfiguration section */

/* Begin XCConfigurationList section */
		AC867B1628B7BAFA002163A8 /* Build configuration list for PBXProject "watchOs_Timer" */ = {
			isa = XCConfigurationList;
			buildConfigurations = (
				AC867B5428B7BAFB002163A8 /* Debug */,
				AC867B5528B7BAFB002163A8 /* Release */,
			);
			defaultConfigurationIsVisible = 0;
			defaultConfigurationName = Release;
		};
		AC867B5628B7BAFB002163A8 /* Build configuration list for PBXNativeTarget "watchOs_Timer WatchKit Extension" */ = {
			isa = XCConfigurationList;
			buildConfigurations = (
				AC867B5728B7BAFB002163A8 /* Debug */,
				AC867B5828B7BAFB002163A8 /* Release */,
			);
			defaultConfigurationIsVisible = 0;
			defaultConfigurationName = Release;
		};
		AC867B5A28B7BAFB002163A8 /* Build configuration list for PBXNativeTarget "watchOs_Timer WatchKit App" */ = {
			isa = XCConfigurationList;
			buildConfigurations = (
				AC867B5B28B7BAFB002163A8 /* Debug */,
				AC867B5C28B7BAFB002163A8 /* Release */,
			);
			defaultConfigurationIsVisible = 0;
			defaultConfigurationName = Release;
		};
		AC867B5E28B7BAFB002163A8 /* Build configuration list for PBXNativeTarget "watchOs_Timer" */ = {
			isa = XCConfigurationList;
			buildConfigurations = (
				AC867B5F28B7BAFB002163A8 /* Debug */,
				AC867B6028B7BAFB002163A8 /* Release */,
			);
			defaultConfigurationIsVisible = 0;
			defaultConfigurationName = Release;
		};
		AC867B6128B7BAFB002163A8 /* Build configuration list for PBXNativeTarget "watchOs_TimerTests" */ = {
			isa = XCConfigurationList;
			buildConfigurations = (
				AC867B6228B7BAFB002163A8 /* Debug */,
				AC867B6328B7BAFB002163A8 /* Release */,
			);
			defaultConfigurationIsVisible = 0;
			defaultConfigurationName = Release;
		};
		AC867B6428B7BAFB002163A8 /* Build configuration list for PBXNativeTarget "watchOs_TimerUITests" */ = {
			isa = XCConfigurationList;
			buildConfigurations = (
				AC867B6528B7BAFB002163A8 /* Debug */,
				AC867B6628B7BAFB002163A8 /* Release */,
			);
			defaultConfigurationIsVisible = 0;
			defaultConfigurationName = Release;
		};
/* End XCConfigurationList section */
	};
	rootObject = AC867B1328B7BAFA002163A8 /* Project object */;
}
